
Microsoft Visual Studio Solution File, Format Version 12.00
# Visual Studio Version 16
VisualStudioVersion = 16.0.30204.135
MinimumVisualStudioVersion = 10.0.40219.1
Project("{9A19103F-16F7-4668-BE54-9A1E7A4F7556}") = "LoginNetCore", "LoginNetCore.csproj", "{FD53BA79-2BF0-4DDD-B476-3BA903818037}"
EndProject
Global
	GlobalSection(SolutionConfigurationPlatforms) = preSolution
		Debug|Any CPU = Debug|Any CPU
		Release|Any CPU = Release|Any CPU
	EndGlobalSection
	GlobalSection(ProjectConfigurationPlatforms) = postSolution
		{FD53BA79-2BF0-4DDD-B476-3BA903818037}.Debug|Any CPU.ActiveCfg = Debug|Any CPU
		{FD53BA79-2BF0-4DDD-B476-3BA903818037}.Debug|Any CPU.Build.0 = Debug|Any CPU
		{FD53BA79-2BF0-4DDD-B476-3BA903818037}.Release|Any CPU.ActiveCfg = Release|Any CPU
		{FD53BA79-2BF0-4DDD-B476-3BA903818037}.Release|Any CPU.Build.0 = Release|Any CPU
	EndGlobalSection
	GlobalSection(SolutionProperties) = preSolution
		HideSolutionNode = FALSE
	EndGlobalSection
	GlobalSection(ExtensibilityGlobals) = postSolution
		SolutionGuid = {3C89BBFC-89D1-45DC-BCD5-FBE9C8AFD835}
	EndGlobalSection
EndGlobal
